// !$*UTF8*$!
{
	archiveVersion = 1;
	classes = {
	};
	objectVersion = 77;
	objects = {

/* Begin PBXBuildFile section */
		FC383DF22F93D57600E57A3D /* FirebaseAI in Frameworks */ = {isa = PBXBuildFile; productRef = FC383DF12F93D57600E57A3D /* FirebaseAI */; };
		FC383DF42F93D57600E57A3D /* FirebaseAILogic in Frameworks */ = {isa = PBXBuildFile; productRef = FC383DF32F93D57600E57A3D /* FirebaseAILogic */; };
		FC383DF62F93D57600E57A3D /* FirebaseAnalytics in Frameworks */ = {isa = PBXBuildFile; productRef = FC383DF52F93D57600E57A3D /* FirebaseAnalytics */; };
		FC383DF82F93D57600E57A3D /* FirebaseAnalyticsCore in Frameworks */ = {isa = PBXBuildFile; productRef = FC383DF72F93D57600E57A3D /* FirebaseAnalyticsCore */; };
		FC383DFA2F93D57600E57A3D /* FirebaseAnalyticsIdentitySupport in Frameworks */ = {isa = PBXBuildFile; productRef = FC383DF92F93D57600E57A3D /* FirebaseAnalyticsIdentitySupport */; };
		FC383DFC2F93D57600E57A3D /* FirebaseAppCheck in Frameworks */ = {isa = PBXBuildFile; productRef = FC383DFB2F93D57600E57A3D /* FirebaseAppCheck */; };
		FC383DFE2F93D57600E57A3D /* FirebaseAppDistribution-Beta in Frameworks */ = {isa = PBXBuildFile; productRef = FC383DFD2F93D57600E57A3D /* FirebaseAppDistribution-Beta */; };
		FC383E002F93D57600E57A3D /* FirebaseAuth in Frameworks */ = {isa = PBXBuildFile; productRef = FC383DFF2F93D57600E57A3D /* FirebaseAuth */; };
		FC383E022F93D57600E57A3D /* FirebaseAuthCombine-Community in Frameworks */ = {isa = PBXBuildFile; productRef = FC383E012F93D57600E57A3D /* FirebaseAuthCombine-Community */; };
		FC383E042F93D57600E57A3D /* FirebaseCore in Frameworks */ = {isa = PBXBuildFile; productRef = FC383E032F93D57600E57A3D /* FirebaseCore */; };
		FC383E062F93D57600E57A3D /* FirebaseCrashlytics in Frameworks */ = {isa = PBXBuildFile; productRef = FC383E052F93D57600E57A3D /* FirebaseCrashlytics */; };
		FC383E082F93D57600E57A3D /* FirebaseDatabase in Frameworks */ = {isa = PBXBuildFile; productRef = FC383E072F93D57600E57A3D /* FirebaseDatabase */; };
		FC383E0A2F93D57600E57A3D /* FirebaseFirestore in Frameworks */ = {isa = PBXBuildFile; productRef = FC383E092F93D57600E57A3D /* FirebaseFirestore */; };
		FC383E0C2F93D57600E57A3D /* FirebaseFirestoreCombine-Community in Frameworks */ = {isa = PBXBuildFile; productRef = FC383E0B2F93D57600E57A3D /* FirebaseFirestoreCombine-Community */; };
		FC383E0E2F93D57600E57A3D /* FirebaseFunctions in Frameworks */ = {isa = PBXBuildFile; productRef = FC383E0D2F93D57600E57A3D /* FirebaseFunctions */; };
		FC383E102F93D57600E57A3D /* FirebaseFunctionsCombine-Community in Frameworks */ = {isa = PBXBuildFile; productRef = FC383E0F2F93D57600E57A3D /* FirebaseFunctionsCombine-Community */; };
		FC383E122F93D57600E57A3D /* FirebaseInAppMessaging-Beta in Frameworks */ = {isa = PBXBuildFile; productRef = FC383E112F93D57600E57A3D /* FirebaseInAppMessaging-Beta */; };
		FC383E142F93D57600E57A3D /* FirebaseInstallations in Frameworks */ = {isa = PBXBuildFile; productRef = FC383E132F93D57600E57A3D /* FirebaseInstallations */; };
		FC383E162F93D57600E57A3D /* FirebaseMLModelDownloader in Frameworks */ = {isa = PBXBuildFile; productRef = FC383E152F93D57600E57A3D /* FirebaseMLModelDownloader */; };
		FC383E182F93D57600E57A3D /* FirebaseMessaging in Frameworks */ = {isa = PBXBuildFile; productRef = FC383E172F93D57600E57A3D /* FirebaseMessaging */; };
		FC383E1A2F93D57600E57A3D /* FirebasePerformance in Frameworks */ = {isa = PBXBuildFile; productRef = FC383E192F93D57600E57A3D /* FirebasePerformance */; };
		FC383E1C2F93D57600E57A3D /* FirebaseRemoteConfig in Frameworks */ = {isa = PBXBuildFile; productRef = FC383E1B2F93D57600E57A3D /* FirebaseRemoteConfig */; };
		FC383E1E2F93D57600E57A3D /* FirebaseStorage in Frameworks */ = {isa = PBXBuildFile; productRef = FC383E1D2F93D57600E57A3D /* FirebaseStorage */; };
		FC383E202F93D57600E57A3D /* FirebaseStorageCombine-Community in Frameworks */ = {isa = PBXBuildFile; productRef = FC383E1F2F93D57600E57A3D /* FirebaseStorageCombine-Community */; };
/* End PBXBuildFile section */

/* Begin PBXContainerItemProxy section */
		FC383D872F93B93E00E57A3D /* PBXContainerItemProxy */ = {
			isa = PBXContainerItemProxy;
			containerPortal = FC383D6D2F93B93900E57A3D /* Project object */;
			proxyType = 1;
			remoteGlobalIDString = FC383D742F93B93900E57A3D;
			remoteInfo = TacticalCommandCenter;
		};
		FC383D912F93B93E00E57A3D /* PBXContainerItemProxy */ = {
			isa = PBXContainerItemProxy;
			containerPortal = FC383D6D2F93B93900E57A3D /* Project object */;
			proxyType = 1;
			remoteGlobalIDString = FC383D742F93B93900E57A3D;
			remoteInfo = TacticalCommandCenter;
		};
/* End PBXContainerItemProxy section */

/* Begin PBXFileReference section */
		FC383D752F93B93900E57A3D /* TacticalCommandCenter.app */ = {isa = PBXFileReference; explicitFileType = wrapper.application; includeInIndex = 0; path = TacticalCommandCenter.app; sourceTree = BUILT_PRODUCTS_DIR; };
		FC383D862F93B93E00E57A3D /* TacticalCommandCenterTests.xctest */ = {isa = PBXFileReference; explicitFileType = wrapper.cfbundle; includeInIndex = 0; path = TacticalCommandCenterTests.xctest; sourceTree = BUILT_PRODUCTS_DIR; };
		FC383D902F93B93E00E57A3D /* TacticalCommandCenterUITests.xctest */ = {isa = PBXFileReference; explicitFileType = wrapper.cfbundle; includeInIndex = 0; path = TacticalCommandCenterUITests.xctest; sourceTree = BUILT_PRODUCTS_DIR; };
/* End PBXFileReference section */

/* Begin PBXFileSystemSynchronizedRootGroup section */
		FC383D772F93B93900E57A3D /* TacticalCommandCenter */ = {
			isa = PBXFileSystemSynchronizedRootGroup;
			path = TacticalCommandCenter;
			sourceTree = "<group>";
		};
		FC383D892F93B93E00E57A3D /* TacticalCommandCenterTests */ = {
			isa = PBXFileSystemSynchronizedRootGroup;
			path = TacticalCommandCenterTests;
			sourceTree = "<group>";
		};
		FC383D932F93B93E00E57A3D /* TacticalCommandCenterUITests */ = {
			isa = PBXFileSystemSynchronizedRootGroup;
			path = TacticalCommandCenterUITests;
			sourceTree = "<group>";
		};
/* End PBXFileSystemSynchronizedRootGroup section */

/* Begin PBXFrameworksBuildPhase section */
		FC383D722F93B93900E57A3D /* Frameworks */ = {
			isa = PBXFrameworksBuildPhase;
			buildActionMask = 2147483647;
			files = (
				FC383DFE2F93D57600E57A3D /* FirebaseAppDistribution-Beta in Frameworks */,
				FC383E0A2F93D57600E57A3D /* FirebaseFirestore in Frameworks */,
				FC383E022F93D57600E57A3D /* FirebaseAuthCombine-Community in Frameworks */,
				FC383E142F93D57600E57A3D /* FirebaseInstallations in Frameworks */,
				FC383DF42F93D57600E57A3D /* FirebaseAILogic in Frameworks */,
				FC383DFA2F93D57600E57A3D /* FirebaseAnalyticsIdentitySupport in Frameworks */,
				FC383E122F93D57600E57A3D /* FirebaseInAppMessaging-Beta in Frameworks */,
				FC383DF22F93D57600E57A3D /* FirebaseAI in Frameworks */,
				FC383E062F93D57600E57A3D /* FirebaseCrashlytics in Frameworks */,
				FC383E102F93D57600E57A3D /* FirebaseFunctionsCombine-Community in Frameworks */,
				FC383E202F93D57600E57A3D /* FirebaseStorageCombine-Community in Frameworks */,
				FC383E082F93D57600E57A3D /* FirebaseDatabase in Frameworks */,
				FC383E1E2F93D57600E57A3D /* FirebaseStorage in Frameworks */,
				FC383E1C2F93D57600E57A3D /* FirebaseRemoteConfig in Frameworks */,
				FC383DF62F93D57600E57A3D /* FirebaseAnalytics in Frameworks */,
				FC383E182F93D57600E57A3D /* FirebaseMessaging in Frameworks */,
				FC383E162F93D57600E57A3D /* FirebaseMLModelDownloader in Frameworks */,
				FC383E1A2F93D57600E57A3D /* FirebasePerformance in Frameworks */,
				FC383E042F93D57600E57A3D /* FirebaseCore in Frameworks */,
				FC383DFC2F93D57600E57A3D /* FirebaseAppCheck in Frameworks */,
				FC383DF82F93D57600E57A3D /* FirebaseAnalyticsCore in Frameworks */,
				FC383E0E2F93D57600E57A3D /* FirebaseFunctions in Frameworks */,
				FC383E002F93D57600E57A3D /* FirebaseAuth in Frameworks */,
				FC383E0C2F93D57600E57A3D /* FirebaseFirestoreCombine-Community in Frameworks */,
			);
			runOnlyForDeploymentPostprocessing = 0;
		};
		FC383D832F93B93E00E57A3D /* Frameworks */ = {
			isa = PBXFrameworksBuildPhase;
			buildActionMask = 2147483647;
			files = (
			);
			runOnlyForDeploymentPostprocessing = 0;
		};
		FC383D8D2F93B93E00E57A3D /* Frameworks */ = {
			isa = PBXFrameworksBuildPhase;
			buildActionMask = 2147483647;
			files = (
			);
			runOnlyForDeploymentPostprocessing = 0;
		};
/* End PBXFrameworksBuildPhase section */

/* Begin PBXGroup section */
		FC383D6C2F93B93900E57A3D = {
			isa = PBXGroup;
			children = (
				FC383D772F93B93900E57A3D /* TacticalCommandCenter */,
				FC383D892F93B93E00E57A3D /* TacticalCommandCenterTests */,
				FC383D932F93B93E00E57A3D /* TacticalCommandCenterUITests */,
				FC383D762F93B93900E57A3D /* Products */,
			);
			sourceTree = "<group>";
		};
		FC383D762F93B93900E57A3D /* Products */ = {
			isa = PBXGroup;
			children = (
				FC383D752F93B93900E57A3D /* TacticalCommandCenter.app */,
				FC383D862F93B93E00E57A3D /* TacticalCommandCenterTests.xctest */,
				FC383D902F93B93E00E57A3D /* TacticalCommandCenterUITests.xctest */,
			);
			name = Products;
			sourceTree = "<group>";
		};
/* End PBXGroup section */

/* Begin PBXNativeTarget section */
		FC383D742F93B93900E57A3D /* TacticalCommandCenter */ = {
			isa = PBXNativeTarget;
			buildConfigurationList = FC383D9A2F93B93E00E57A3D /* Build configuration list for PBXNativeTarget "TacticalCommandCenter" */;
			buildPhases = (
				FC383D712F93B93900E57A3D /* Sources */,
				FC383D722F93B93900E57A3D /* Frameworks */,
				FC383D732F93B93900E57A3D /* Resources */,
			);
			buildRules = (
			);
			dependencies = (
			);
			fileSystemSynchronizedGroups = (
				FC383D772F93B93900E57A3D /* TacticalCommandCenter */,
			);
			name = TacticalCommandCenter;
			packageProductDependencies = (
				FC383DF12F93D57600E57A3D /* FirebaseAI */,
				FC383DF32F93D57600E57A3D /* FirebaseAILogic */,
				FC383DF52F93D57600E57A3D /* FirebaseAnalytics */,
				FC383DF72F93D57600E57A3D /* FirebaseAnalyticsCore */,
				FC383DF92F93D57600E57A3D /* FirebaseAnalyticsIdentitySupport */,
				FC383DFB2F93D57600E57A3D /* FirebaseAppCheck */,
				FC383DFD2F93D57600E57A3D /* FirebaseAppDistribution-Beta */,
				FC383DFF2F93D57600E57A3D /* FirebaseAuth */,
				FC383E012F93D57600E57A3D /* FirebaseAuthCombine-Community */,
				FC383E032F93D57600E57A3D /* FirebaseCore */,
				FC383E052F93D57600E57A3D /* FirebaseCrashlytics */,
				FC383E072F93D57600E57A3D /* FirebaseDatabase */,
				FC383E092F93D57600E57A3D /* FirebaseFirestore */,
				FC383E0B2F93D57600E57A3D /* FirebaseFirestoreCombine-Community */,
				FC383E0D2F93D57600E57A3D /* FirebaseFunctions */,
				FC383E0F2F93D57600E57A3D /* FirebaseFunctionsCombine-Community */,
				FC383E112F93D57600E57A3D /* FirebaseInAppMessaging-Beta */,
				FC383E132F93D57600E57A3D /* FirebaseInstallations */,
				FC383E152F93D57600E57A3D /* FirebaseMLModelDownloader */,
				FC383E172F93D57600E57A3D /* FirebaseMessaging */,
				FC383E192F93D57600E57A3D /* FirebasePerformance */,
				FC383E1B2F93D57600E57A3D /* FirebaseRemoteConfig */,
				FC383E1D2F93D57600E57A3D /* FirebaseStorage */,
				FC383E1F2F93D57600E57A3D /* FirebaseStorageCombine-Community */,
			);
			productName = TacticalCommandCenter;
			productReference = FC383D752F93B93900E57A3D /* TacticalCommandCenter.app */;
			productType = "com.apple.product-type.application";
		};
		FC383D852F93B93E00E57A3D /* TacticalCommandCenterTests */ = {
			isa = PBXNativeTarget;
			buildConfigurationList = FC383D9D2F93B93E00E57A3D /* Build configuration list for PBXNativeTarget "TacticalCommandCenterTests" */;
			buildPhases = (
				FC383D822F93B93E00E57A3D /* Sources */,
				FC383D832F93B93E00E57A3D /* Frameworks */,
				FC383D842F93B93E00E57A3D /* Resources */,
			);
			buildRules = (
			);
			dependencies = (
				FC383D882F93B93E00E57A3D /* PBXTargetDependency */,
			);
			fileSystemSynchronizedGroups = (
				FC383D892F93B93E00E57A3D /* TacticalCommandCenterTests */,
			);
			name = TacticalCommandCenterTests;
			packageProductDependencies = (
			);
			productName = TacticalCommandCenterTests;
			productReference = FC383D862F93B93E00E57A3D /* TacticalCommandCenterTests.xctest */;
			productType = "com.apple.product-type.bundle.unit-test";
		};
		FC383D8F2F93B93E00E57A3D /* TacticalCommandCenterUITests */ = {
			isa = PBXNativeTarget;
			buildConfigurationList = FC383DA02F93B93E00E57A3D /* Build configuration list for PBXNativeTarget "TacticalCommandCenterUITests" */;
			buildPhases = (
				FC383D8C2F93B93E00E57A3D /* Sources */,
				FC383D8D2F93B93E00E57A3D /* Frameworks */,
				FC383D8E2F93B93E00E57A3D /* Resources */,
			);
			buildRules = (
			);
			dependencies = (
				FC383D922F93B93E00E57A3D /* PBXTargetDependency */,
			);
			fileSystemSynchronizedGroups = (
				FC383D932F93B93E00E57A3D /* TacticalCommandCenterUITests */,
			);
			name = TacticalCommandCenterUITests;
			packageProductDependencies = (
			);
			productName = TacticalCommandCenterUITests;
			productReference = FC383D902F93B93E00E57A3D /* TacticalCommandCenterUITests.xctest */;
			productType = "com.apple.product-type.bundle.ui-testing";
		};
/* End PBXNativeTarget section */

/* Begin PBXProject section */
		FC383D6D2F93B93900E57A3D /* Project object */ = {
			isa = PBXProject;
			attributes = {
				BuildIndependentTargetsInParallel = 1;
				LastSwiftUpdateCheck = 1620;
				LastUpgradeCheck = 1620;
				TargetAttributes = {
					FC383D742F93B93900E57A3D = {
						CreatedOnToolsVersion = 16.2;
					};
					FC383D852F93B93E00E57A3D = {
						CreatedOnToolsVersion = 16.2;
						TestTargetID = FC383D742F93B93900E57A3D;
					};
					FC383D8F2F93B93E00E57A3D = {
						CreatedOnToolsVersion = 16.2;
						TestTargetID = FC383D742F93B93900E57A3D;
					};
				};
			};
			buildConfigurationList = FC383D702F93B93900E57A3D /* Build configuration list for PBXProject "TacticalCommandCenter" */;
			developmentRegion = en;
			hasScannedForEncodings = 0;
			knownRegions = (
				en,
				Base,
			);
			mainGroup = FC383D6C2F93B93900E57A3D;
			minimizedProjectReferenceProxies = 1;
			packageReferences = (
				FC383DF02F93D57600E57A3D /* XCRemoteSwiftPackageReference "firebase-ios-sdk" */,
			);
			preferredProjectObjectVersion = 77;
			productRefGroup = FC383D762F93B93900E57A3D /* Products */;
			projectDirPath = "";
			projectRoot = "";
			targets = (
				FC383D742F93B93900E57A3D /* TacticalCommandCenter */,
				FC383D852F93B93E00E57A3D /* TacticalCommandCenterTests */,
				FC383D8F2F93B93E00E57A3D /* TacticalCommandCenterUITests */,
			);
		};
/* End PBXProject section */

/* Begin PBXResourcesBuildPhase section */
		FC383D732F93B93900E57A3D /* Resources */ = {
			isa = PBXResourcesBuildPhase;
			buildActionMask = 2147483647;
			files = (
			);
			runOnlyForDeploymentPostprocessing = 0;
		};
		FC383D842F93B93E00E57A3D /* Resources */ = {
			isa = PBXResourcesBuildPhase;
			buildActionMask = 2147483647;
			files = (
			);
			runOnlyForDeploymentPostprocessing = 0;
		};
		FC383D8E2F93B93E00E57A3D /* Resources */ = {
			isa = PBXResourcesBuildPhase;
			buildActionMask = 2147483647;
			files = (
			);
			runOnlyForDeploymentPostprocessing = 0;
		};
/* End PBXResourcesBuildPhase section */

/* Begin PBXSourcesBuildPhase section */
		FC383D712F93B93900E57A3D /* Sources */ = {
			isa = PBXSourcesBuildPhase;
			buildActionMask = 2147483647;
			files = (
			);
			runOnlyForDeploymentPostprocessing = 0;
		};
		FC383D822F93B93E00E57A3D /* Sources */ = {
			isa = PBXSourcesBuildPhase;
			buildActionMask = 2147483647;
			files = (
			);
			runOnlyForDeploymentPostprocessing = 0;
		};
		FC383D8C2F93B93E00E57A3D /* Sources */ = {
			isa = PBXSourcesBuildPhase;
			buildActionMask = 2147483647;
			files = (
			);
			runOnlyForDeploymentPostprocessing = 0;
		};
/* End PBXSourcesBuildPhase section */

/* Begin PBXTargetDependency section */
		FC383D882F93B93E00E57A3D /* PBXTargetDependency */ = {
			isa = PBXTargetDependency;
			target = FC383D742F93B93900E57A3D /* TacticalCommandCenter */;
			targetProxy = FC383D872F93B93E00E57A3D /* PBXContainerItemProxy */;
		};
		FC383D922F93B93E00E57A3D /* PBXTargetDependency */ = {
			isa = PBXTargetDependency;
			target = FC383D742F93B93900E57A3D /* TacticalCommandCenter */;
			targetProxy = FC383D912F93B93E00E57A3D /* PBXContainerItemProxy */;
		};
/* End PBXTargetDependency section */

/* Begin XCBuildConfiguration section */
		FC383D982F93B93E00E57A3D /* Debug */ = {
			isa = XCBuildConfiguration;
			buildSettings = {
				ALWAYS_SEARCH_USER_PATHS = NO;
				ASSETCATALOG_COMPILER_GENERATE_SWIFT_ASSET_SYMBOL_EXTENSIONS = YES;
				CLANG_ANALYZER_NONNULL = YES;
				CLANG_ANALYZER_NUMBER_OBJECT_CONVERSION = YES_AGGRESSIVE;
				CLANG_CXX_LANGUAGE_STANDARD = "gnu++20";
				CLANG_ENABLE_MODULES = YES;
				CLANG_ENABLE_OBJC_ARC = YES;
				CLANG_ENABLE_OBJC_WEAK = YES;
				CLANG_WARN_BLOCK_CAPTURE_AUTORELEASING = YES;
				CLANG_WARN_BOOL_CONVERSION = YES;
				CLANG_WARN_COMMA = YES;
				CLANG_WARN_CONSTANT_CONVERSION = YES;
				CLANG_WARN_DEPRECATED_OBJC_IMPLEMENTATIONS = YES;
				CLANG_WARN_DIRECT_OBJC_ISA_USAGE = YES_ERROR;
				CLANG_WARN_DOCUMENTATION_COMMENTS = YES;
				CLANG_WARN_EMPTY_BODY = YES;
				CLANG_WARN_ENUM_CONVERSION = YES;
				CLANG_WARN_INFINITE_RECURSION = YES;
				CLANG_WARN_INT_CONVERSION = YES;
				CLANG_WARN_NON_LITERAL_NULL_CONVERSION = YES;
				CLANG_WARN_OBJC_IMPLICIT_RETAIN_SELF = YES;
				CLANG_WARN_OBJC_LITERAL_CONVERSION = YES;
				CLANG_WARN_OBJC_ROOT_CLASS = YES_ERROR;
				CLANG_WARN_QUOTED_INCLUDE_IN_FRAMEWORK_HEADER = YES;
				CLANG_WARN_RANGE_LOOP_ANALYSIS = YES;
				CLANG_WARN_STRICT_PROTOTYPES = YES;
				CLANG_WARN_SUSPICIOUS_MOVE = YES;
				CLANG_WARN_UNGUARDED_AVAILABILITY = YES_AGGRESSIVE;
				CLANG_WARN_UNREACHABLE_CODE = YES;
				CLANG_WARN__DUPLICATE_METHOD_MATCH = YES;
				COPY_PHASE_STRIP = NO;
				DEBUG_INFORMATION_FORMAT = dwarf;
				ENABLE_STRICT_OBJC_MSGSEND = YES;
				ENABLE_TESTABILITY = YES;
				ENABLE_USER_SCRIPT_SANDBOXING = YES;
				GCC_C_LANGUAGE_STANDARD = gnu17;
				GCC_DYNAMIC_NO_PIC = NO;
				GCC_NO_COMMON_BLOCKS = YES;
				GCC_OPTIMIZATION_LEVEL = 0;
				GCC_PREPROCESSOR_DEFINITIONS = (
					"DEBUG=1",
					"$(inherited)",
				);
				GCC_WARN_64_TO_32_BIT_CONVERSION = YES;
				GCC_WARN_ABOUT_RETURN_TYPE = YES_ERROR;
				GCC_WARN_UNDECLARED_SELECTOR = YES;
				GCC_WARN_UNINITIALIZED_AUTOS = YES_AGGRESSIVE;
				GCC_WARN_UNUSED_FUNCTION = YES;
				GCC_WARN_UNUSED_VARIABLE = YES;
				LOCALIZATION_PREFERS_STRING_CATALOGS = YES;
				MTL_ENABLE_DEBUG_INFO = INCLUDE_SOURCE;
				MTL_FAST_MATH = YES;
				ONLY_ACTIVE_ARCH = YES;
				SWIFT_ACTIVE_COMPILATION_CONDITIONS = "DEBUG $(inherited)";
				SWIFT_OPTIMIZATION_LEVEL = "-Onone";
			};
			name = Debug;
		};
		FC383D992F93B93E00E57A3D /* Release */ = {
			isa = XCBuildConfiguration;
			buildSettings = {
				ALWAYS_SEARCH_USER_PATHS = NO;
				ASSETCATALOG_COMPILER_GENERATE_SWIFT_ASSET_SYMBOL_EXTENSIONS = YES;
				CLANG_ANALYZER_NONNULL = YES;
				CLANG_ANALYZER_NUMBER_OBJECT_CONVERSION = YES_AGGRESSIVE;
				CLANG_CXX_LANGUAGE_STANDARD = "gnu++20";
				CLANG_ENABLE_MODULES = YES;
				CLANG_ENABLE_OBJC_ARC = YES;
				CLANG_ENABLE_OBJC_WEAK = YES;
				CLANG_WARN_BLOCK_CAPTURE_AUTORELEASING = YES;
				CLANG_WARN_BOOL_CONVERSION = YES;
				CLANG_WARN_COMMA = YES;
				CLANG_WARN_CONSTANT_CONVERSION = YES;
				CLANG_WARN_DEPRECATED_OBJC_IMPLEMENTATIONS = YES;
				CLANG_WARN_DIRECT_OBJC_ISA_USAGE = YES_ERROR;
				CLANG_WARN_DOCUMENTATION_COMMENTS = YES;
				CLANG_WARN_EMPTY_BODY = YES;
				CLANG_WARN_ENUM_CONVERSION = YES;
				CLANG_WARN_INFINITE_RECURSION = YES;
				CLANG_WARN_INT_CONVERSION = YES;
				CLANG_WARN_NON_LITERAL_NULL_CONVERSION = YES;
				CLANG_WARN_OBJC_IMPLICIT_RETAIN_SELF = YES;
				CLANG_WARN_OBJC_LITERAL_CONVERSION = YES;
				CLANG_WARN_OBJC_ROOT_CLASS = YES_ERROR;
				CLANG_WARN_QUOTED_INCLUDE_IN_FRAMEWORK_HEADER = YES;
				CLANG_WARN_RANGE_LOOP_ANALYSIS = YES;
				CLANG_WARN_STRICT_PROTOTYPES = YES;
				CLANG_WARN_SUSPICIOUS_MOVE = YES;
				CLANG_WARN_UNGUARDED_AVAILABILITY = YES_AGGRESSIVE;
				CLANG_WARN_UNREACHABLE_CODE = YES;
				CLANG_WARN__DUPLICATE_METHOD_MATCH = YES;
				COPY_PHASE_STRIP = NO;
				DEBUG_INFORMATION_FORMAT = "dwarf-with-dsym";
				ENABLE_NS_ASSERTIONS = NO;
				ENABLE_STRICT_OBJC_MSGSEND = YES;
				ENABLE_USER_SCRIPT_SANDBOXING = YES;
				GCC_C_LANGUAGE_STANDARD = gnu17;
				GCC_NO_COMMON_BLOCKS = YES;
				GCC_WARN_64_TO_32_BIT_CONVERSION = YES;
				GCC_WARN_ABOUT_RETURN_TYPE = YES_ERROR;
				GCC_WARN_UNDECLARED_SELECTOR = YES;
				GCC_WARN_UNINITIALIZED_AUTOS = YES_AGGRESSIVE;
				GCC_WARN_UNUSED_FUNCTION = YES;
				GCC_WARN_UNUSED_VARIABLE = YES;
				LOCALIZATION_PREFERS_STRING_CATALOGS = YES;
				MTL_ENABLE_DEBUG_INFO = NO;
				MTL_FAST_MATH = YES;
				SWIFT_COMPILATION_MODE = wholemodule;
			};
			name = Release;
		};
		FC383D9B2F93B93E00E57A3D /* Debug */ = {
			isa = XCBuildConfiguration;
			buildSettings = {
				ASSETCATALOG_COMPILER_APPICON_NAME = AppIcon;
				ASSETCATALOG_COMPILER_GLOBAL_ACCENT_COLOR_NAME = AccentColor;
				CODE_SIGN_ENTITLEMENTS = "";
				CODE_SIGN_STYLE = Automatic;
				CURRENT_PROJECT_VERSION = 1;
				DEVELOPMENT_ASSET_PATHS = "\"TacticalCommandCenter/Preview Content\"";
				DEVELOPMENT_TEAM = 5RDP94959U;
				ENABLE_PREVIEWS = YES;
				GENERATE_INFOPLIST_FILE = YES;
				INFOPLIST_KEY_CFBundleDisplayName = "Tactical Command Center";
				INFOPLIST_KEY_LSApplicationCategoryType = "public.app-category.navigation";
				INFOPLIST_KEY_NSLocationWhenInUseUsageDescription = "מערכת מבצעים משתמשת במיקום החי שלך כדי להציג אותך לצוות ולמפקדים במפה המבצעית.";
				INFOPLIST_KEY_NSLocationAlwaysAndWhenInUseUsageDescription = "מערכת מבצעים משתמשת במיקום גם ברקע כדי לשמר רציפות המעקב בזמן משימות וחירום.";
				INFOPLIST_KEY_NSLocationAlwaysUsageDescription = "מערכת מבצעים משתמשת במיקום ברקע כדי לשמר רציפות המעקב.";
				INFOPLIST_KEY_UIBackgroundModes = "location remote-notification fetch";
				"INFOPLIST_KEY_UIApplicationSceneManifest_Generation[sdk=iphoneos*]" = NO;
				"INFOPLIST_KEY_UIApplicationSceneManifest_Generation[sdk=iphonesimulator*]" = NO;
				"INFOPLIST_KEY_UIApplicationSupportsIndirectInputEvents[sdk=iphoneos*]" = YES;
				"INFOPLIST_KEY_UIApplicationSupportsIndirectInputEvents[sdk=iphonesimulator*]" = YES;
				"INFOPLIST_KEY_UILaunchScreen_Generation[sdk=iphoneos*]" = YES;
				"INFOPLIST_KEY_UILaunchScreen_Generation[sdk=iphonesimulator*]" = YES;
				"INFOPLIST_KEY_UIStatusBarStyle[sdk=iphoneos*]" = UIStatusBarStyleDefault;
				"INFOPLIST_KEY_UIStatusBarStyle[sdk=iphonesimulator*]" = UIStatusBarStyleDefault;
				INFOPLIST_KEY_UISupportedInterfaceOrientations_iPad = "UIInterfaceOrientationPortrait UIInterfaceOrientationPortraitUpsideDown UIInterfaceOrientationLandscapeLeft UIInterfaceOrientationLandscapeRight";
				INFOPLIST_KEY_UISupportedInterfaceOrientations_iPhone = "UIInterfaceOrientationPortrait UIInterfaceOrientationLandscapeLeft UIInterfaceOrientationLandscapeRight";
				IPHONEOS_DEPLOYMENT_TARGET = 15.6;
				LD_RUNPATH_SEARCH_PATHS = "@executable_path/Frameworks";
				"LD_RUNPATH_SEARCH_PATHS[sdk=macosx*]" = "@executable_path/../Frameworks";
				MACOSX_DEPLOYMENT_TARGET = 14.5;
				MARKETING_VERSION = 1.0;
				PRODUCT_BUNDLE_IDENTIFIER = com.ormany.tacticalcmd;
				PRODUCT_NAME = "$(TARGET_NAME)";
				SDKROOT = auto;
				SUPPORTED_PLATFORMS = "iphoneos iphonesimulator";
				SUPPORTS_MACCATALYST = NO;
				SWIFT_EMIT_LOC_STRINGS = YES;
				SWIFT_VERSION = 5.0;
				TARGETED_DEVICE_FAMILY = "1,2";
				XROS_DEPLOYMENT_TARGET = 2.2;
			};
			name = Debug;
		};
		FC383D9C2F93B93E00E57A3D /* Release */ = {
			isa = XCBuildConfiguration;
			buildSettings = {
				ASSETCATALOG_COMPILER_APPICON_NAME = AppIcon;
				ASSETCATALOG_COMPILER_GLOBAL_ACCENT_COLOR_NAME = AccentColor;
				CODE_SIGN_ENTITLEMENTS = "";
				CODE_SIGN_STYLE = Automatic;
				CURRENT_PROJECT_VERSION = 1;
				DEVELOPMENT_ASSET_PATHS = "\"TacticalCommandCenter/Preview Content\"";
				DEVELOPMENT_TEAM = 5RDP94959U;
				ENABLE_PREVIEWS = YES;
				GENERATE_INFOPLIST_FILE = YES;
				INFOPLIST_KEY_CFBundleDisplayName = "Tactical Command Center";
				INFOPLIST_KEY_LSApplicationCategoryType = "public.app-category.navigation";
				INFOPLIST_KEY_NSLocationWhenInUseUsageDescription = "מערכת מבצעים משתמשת במיקום החי שלך כדי להציג אותך לצוות ולמפקדים במפה המבצעית.";
				INFOPLIST_KEY_NSLocationAlwaysAndWhenInUseUsageDescription = "מערכת מבצעים משתמשת במיקום גם ברקע כדי לשמר רציפות המעקב בזמן משימות וחירום.";
				INFOPLIST_KEY_NSLocationAlwaysUsageDescription = "מערכת מבצעים משתמשת במיקום ברקע כדי לשמר רציפות המעקב.";
				INFOPLIST_KEY_UIBackgroundModes = "location remote-notification fetch";
				"INFOPLIST_KEY_UIApplicationSceneManifest_Generation[sdk=iphoneos*]" = NO;
				"INFOPLIST_KEY_UIApplicationSceneManifest_Generation[sdk=iphonesimulator*]" = NO;
				"INFOPLIST_KEY_UIApplicationSupportsIndirectInputEvents[sdk=iphoneos*]" = YES;
				"INFOPLIST_KEY_UIApplicationSupportsIndirectInputEvents[sdk=iphonesimulator*]" = YES;
				"INFOPLIST_KEY_UILaunchScreen_Generation[sdk=iphoneos*]" = YES;
				"INFOPLIST_KEY_UILaunchScreen_Generation[sdk=iphonesimulator*]" = YES;
				"INFOPLIST_KEY_UIStatusBarStyle[sdk=iphoneos*]" = UIStatusBarStyleDefault;
				"INFOPLIST_KEY_UIStatusBarStyle[sdk=iphonesimulator*]" = UIStatusBarStyleDefault;
				INFOPLIST_KEY_UISupportedInterfaceOrientations_iPad = "UIInterfaceOrientationPortrait UIInterfaceOrientationPortraitUpsideDown UIInterfaceOrientationLandscapeLeft UIInterfaceOrientationLandscapeRight";
				INFOPLIST_KEY_UISupportedInterfaceOrientations_iPhone = "UIInterfaceOrientationPortrait UIInterfaceOrientationLandscapeLeft UIInterfaceOrientationLandscapeRight";
				IPHONEOS_DEPLOYMENT_TARGET = 15.6;
				LD_RUNPATH_SEARCH_PATHS = "@executable_path/Frameworks";
				"LD_RUNPATH_SEARCH_PATHS[sdk=macosx*]" = "@executable_path/../Frameworks";
				MACOSX_DEPLOYMENT_TARGET = 14.5;
				MARKETING_VERSION = 1.0;
				PRODUCT_BUNDLE_IDENTIFIER = com.tacops.TacticalCommandCenter;
				PRODUCT_NAME = "$(TARGET_NAME)";
				SDKROOT = auto;
				SUPPORTED_PLATFORMS = "iphoneos iphonesimulator";
				SUPPORTS_MACCATALYST = NO;
				SWIFT_EMIT_LOC_STRINGS = YES;
				SWIFT_VERSION = 5.0;
				TARGETED_DEVICE_FAMILY = "1,2";
				XROS_DEPLOYMENT_TARGET = 2.2;
			};
			name = Release;
		};
		FC383D9E2F93B93E00E57A3D /* Debug */ = {
			isa = XCBuildConfiguration;
			buildSettings = {
				BUNDLE_LOADER = "$(TEST_HOST)";
				CODE_SIGN_STYLE = Automatic;
				CURRENT_PROJECT_VERSION = 1;
				GENERATE_INFOPLIST_FILE = YES;
				IPHONEOS_DEPLOYMENT_TARGET = 18.2;
				MACOSX_DEPLOYMENT_TARGET = 14.5;
				MARKETING_VERSION = 1.0;
				PRODUCT_BUNDLE_IDENTIFIER = com.tacops.TacticalCommandCenterTests;
				PRODUCT_NAME = "$(TARGET_NAME)";
				SDKROOT = auto;
				SUPPORTED_PLATFORMS = "iphoneos iphonesimulator macosx xros xrsimulator";
				SWIFT_EMIT_LOC_STRINGS = NO;
				SWIFT_VERSION = 5.0;
				TARGETED_DEVICE_FAMILY = "1,2,7";
				TEST_HOST = "$(BUILT_PRODUCTS_DIR)/TacticalCommandCenter.app/$(BUNDLE_EXECUTABLE_FOLDER_PATH)/TacticalCommandCenter";
				XROS_DEPLOYMENT_TARGET = 2.2;
			};
			name = Debug;
		};
		FC383D9F2F93B93E00E57A3D /* Release */ = {
			isa = XCBuildConfiguration;
			buildSettings = {
				BUNDLE_LOADER = "$(TEST_HOST)";
				CODE_SIGN_STYLE = Automatic;
				CURRENT_PROJECT_VERSION = 1;
				GENERATE_INFOPLIST_FILE = YES;
				IPHONEOS_DEPLOYMENT_TARGET = 18.2;
				MACOSX_DEPLOYMENT_TARGET = 14.5;
				MARKETING_VERSION = 1.0;
				PRODUCT_BUNDLE_IDENTIFIER = com.tacops.TacticalCommandCenterTests;
				PRODUCT_NAME = "$(TARGET_NAME)";
				SDKROOT = auto;
				SUPPORTED_PLATFORMS = "iphoneos iphonesimulator macosx xros xrsimulator";
				SWIFT_EMIT_LOC_STRINGS = NO;
				SWIFT_VERSION = 5.0;
				TARGETED_DEVICE_FAMILY = "1,2,7";
				TEST_HOST = "$(BUILT_PRODUCTS_DIR)/TacticalCommandCenter.app/$(BUNDLE_EXECUTABLE_FOLDER_PATH)/TacticalCommandCenter";
				XROS_DEPLOYMENT_TARGET = 2.2;
			};
			name = Release;
		};
		FC383DA12F93B93E00E57A3D /* Debug */ = {
			isa = XCBuildConfiguration;
			buildSettings = {
				CODE_SIGN_STYLE = Automatic;
				CURRENT_PROJECT_VERSION = 1;
				GENERATE_INFOPLIST_FILE = YES;
				IPHONEOS_DEPLOYMENT_TARGET = 18.2;
				MACOSX_DEPLOYMENT_TARGET = 14.5;
				MARKETING_VERSION = 1.0;
				PRODUCT_BUNDLE_IDENTIFIER = com.tacops.TacticalCommandCenterUITests;
				PRODUCT_NAME = "$(TARGET_NAME)";
				SDKROOT = auto;
				SUPPORTED_PLATFORMS = "iphoneos iphonesimulator macosx xros xrsimulator";
				SWIFT_EMIT_LOC_STRINGS = NO;
				SWIFT_VERSION = 5.0;
				TARGETED_DEVICE_FAMILY = "1,2,7";
				TEST_TARGET_NAME = TacticalCommandCenter;
				XROS_DEPLOYMENT_TARGET = 2.2;
			};
			name = Debug;
		};
		FC383DA22F93B93E00E57A3D /* Release */ = {
			isa = XCBuildConfiguration;
			buildSettings = {
				CODE_SIGN_STYLE = Automatic;
				CURRENT_PROJECT_VERSION = 1;
				GENERATE_INFOPLIST_FILE = YES;
				IPHONEOS_DEPLOYMENT_TARGET = 18.2;
				MACOSX_DEPLOYMENT_TARGET = 14.5;
				MARKETING_VERSION = 1.0;
				PRODUCT_BUNDLE_IDENTIFIER = com.tacops.TacticalCommandCenterUITests;
				PRODUCT_NAME = "$(TARGET_NAME)";
				SDKROOT = auto;
				SUPPORTED_PLATFORMS = "iphoneos iphonesimulator macosx xros xrsimulator";
				SWIFT_EMIT_LOC_STRINGS = NO;
				SWIFT_VERSION = 5.0;
				TARGETED_DEVICE_FAMILY = "1,2,7";
				TEST_TARGET_NAME = TacticalCommandCenter;
				XROS_DEPLOYMENT_TARGET = 2.2;
			};
			name = Release;
		};
/* End XCBuildConfiguration section */

/* Begin XCConfigurationList section */
		FC383D702F93B93900E57A3D /* Build configuration list for PBXProject "TacticalCommandCenter" */ = {
			isa = XCConfigurationList;
			buildConfigurations = (
				FC383D982F93B93E00E57A3D /* Debug */,
				FC383D992F93B93E00E57A3D /* Release */,
			);
			defaultConfigurationIsVisible = 0;
			defaultConfigurationName = Release;
		};
		FC383D9A2F93B93E00E57A3D /* Build configuration list for PBXNativeTarget "TacticalCommandCenter" */ = {
			isa = XCConfigurationList;
			buildConfigurations = (
				FC383D9B2F93B93E00E57A3D /* Debug */,
				FC383D9C2F93B93E00E57A3D /* Release */,
			);
			defaultConfigurationIsVisible = 0;
			defaultConfigurationName = Release;
		};
		FC383D9D2F93B93E00E57A3D /* Build configuration list for PBXNativeTarget "TacticalCommandCenterTests" */ = {
			isa = XCConfigurationList;
			buildConfigurations = (
				FC383D9E2F93B93E00E57A3D /* Debug */,
				FC383D9F2F93B93E00E57A3D /* Release */,
			);
			defaultConfigurationIsVisible = 0;
			defaultConfigurationName = Release;
		};
		FC383DA02F93B93E00E57A3D /* Build configuration list for PBXNativeTarget "TacticalCommandCenterUITests" */ = {
			isa = XCConfigurationList;
			buildConfigurations = (
				FC383DA12F93B93E00E57A3D /* Debug */,
				FC383DA22F93B93E00E57A3D /* Release */,
			);
			defaultConfigurationIsVisible = 0;
			defaultConfigurationName = Release;
		};
/* End XCConfigurationList section */

/* Begin XCRemoteSwiftPackageReference section */
		FC383DF02F93D57600E57A3D /* XCRemoteSwiftPackageReference "firebase-ios-sdk" */ = {
			isa = XCRemoteSwiftPackageReference;
			repositoryURL = "https://github.com/firebase/firebase-ios-sdk";
			requirement = {
				kind = upToNextMajorVersion;
				minimumVersion = 12.12.1;
			};
		};
/* End XCRemoteSwiftPackageReference section */

/* Begin XCSwiftPackageProductDependency section */
		FC383DF12F93D57600E57A3D /* FirebaseAI */ = {
			isa = XCSwiftPackageProductDependency;
			package = FC383DF02F93D57600E57A3D /* XCRemoteSwiftPackageReference "firebase-ios-sdk" */;
			productName = FirebaseAI;
		};
		FC383DF32F93D57600E57A3D /* FirebaseAILogic */ = {
			isa = XCSwiftPackageProductDependency;
			package = FC383DF02F93D57600E57A3D /* XCRemoteSwiftPackageReference "firebase-ios-sdk" */;
			productName = FirebaseAILogic;
		};
		FC383DF52F93D57600E57A3D /* FirebaseAnalytics */ = {
			isa = XCSwiftPackageProductDependency;
			package = FC383DF02F93D57600E57A3D /* XCRemoteSwiftPackageReference "firebase-ios-sdk" */;
			productName = FirebaseAnalytics;
		};
		FC383DF72F93D57600E57A3D /* FirebaseAnalyticsCore */ = {
			isa = XCSwiftPackageProductDependency;
			package = FC383DF02F93D57600E57A3D /* XCRemoteSwiftPackageReference "firebase-ios-sdk" */;
			productName = FirebaseAnalyticsCore;
		};
		FC383DF92F93D57600E57A3D /* FirebaseAnalyticsIdentitySupport */ = {
			isa = XCSwiftPackageProductDependency;
			package = FC383DF02F93D57600E57A3D /* XCRemoteSwiftPackageReference "firebase-ios-sdk" */;
			productName = FirebaseAnalyticsIdentitySupport;
		};
		FC383DFB2F93D57600E57A3D /* FirebaseAppCheck */ = {
			isa = XCSwiftPackageProductDependency;
			package = FC383DF02F93D57600E57A3D /* XCRemoteSwiftPackageReference "firebase-ios-sdk" */;
			productName = FirebaseAppCheck;
		};
		FC383DFD2F93D57600E57A3D /* FirebaseAppDistribution-Beta */ = {
			isa = XCSwiftPackageProductDependency;
			package = FC383DF02F93D57600E57A3D /* XCRemoteSwiftPackageReference "firebase-ios-sdk" */;
			productName = "FirebaseAppDistribution-Beta";
		};
		FC383DFF2F93D57600E57A3D /* FirebaseAuth */ = {
			isa = XCSwiftPackageProductDependency;
			package = FC383DF02F93D57600E57A3D /* XCRemoteSwiftPackageReference "firebase-ios-sdk" */;
			productName = FirebaseAuth;
		};
		FC383E012F93D57600E57A3D /* FirebaseAuthCombine-Community */ = {
			isa = XCSwiftPackageProductDependency;
			package = FC383DF02F93D57600E57A3D /* XCRemoteSwiftPackageReference "firebase-ios-sdk" */;
			productName = "FirebaseAuthCombine-Community";
		};
		FC383E032F93D57600E57A3D /* FirebaseCore */ = {
			isa = XCSwiftPackageProductDependency;
			package = FC383DF02F93D57600E57A3D /* XCRemoteSwiftPackageReference "firebase-ios-sdk" */;
			productName = FirebaseCore;
		};
		FC383E052F93D57600E57A3D /* FirebaseCrashlytics */ = {
			isa = XCSwiftPackageProductDependency;
			package = FC383DF02F93D57600E57A3D /* XCRemoteSwiftPackageReference "firebase-ios-sdk" */;
			productName = FirebaseCrashlytics;
		};
		FC383E072F93D57600E57A3D /* FirebaseDatabase */ = {
			isa = XCSwiftPackageProductDependency;
			package = FC383DF02F93D57600E57A3D /* XCRemoteSwiftPackageReference "firebase-ios-sdk" */;
			productName = FirebaseDatabase;
		};
		FC383E092F93D57600E57A3D /* FirebaseFirestore */ = {
			isa = XCSwiftPackageProductDependency;
			package = FC383DF02F93D57600E57A3D /* XCRemoteSwiftPackageReference "firebase-ios-sdk" */;
			productName = FirebaseFirestore;
		};
		FC383E0B2F93D57600E57A3D /* FirebaseFirestoreCombine-Community */ = {
			isa = XCSwiftPackageProductDependency;
			package = FC383DF02F93D57600E57A3D /* XCRemoteSwiftPackageReference "firebase-ios-sdk" */;
			productName = "FirebaseFirestoreCombine-Community";
		};
		FC383E0D2F93D57600E57A3D /* FirebaseFunctions */ = {
			isa = XCSwiftPackageProductDependency;
			package = FC383DF02F93D57600E57A3D /* XCRemoteSwiftPackageReference "firebase-ios-sdk" */;
			productName = FirebaseFunctions;
		};
		FC383E0F2F93D57600E57A3D /* FirebaseFunctionsCombine-Community */ = {
			isa = XCSwiftPackageProductDependency;
			package = FC383DF02F93D57600E57A3D /* XCRemoteSwiftPackageReference "firebase-ios-sdk" */;
			productName = "FirebaseFunctionsCombine-Community";
		};
		FC383E112F93D57600E57A3D /* FirebaseInAppMessaging-Beta */ = {
			isa = XCSwiftPackageProductDependency;
			package = FC383DF02F93D57600E57A3D /* XCRemoteSwiftPackageReference "firebase-ios-sdk" */;
			productName = "FirebaseInAppMessaging-Beta";
		};
		FC383E132F93D57600E57A3D /* FirebaseInstallations */ = {
			isa = XCSwiftPackageProductDependency;
			package = FC383DF02F93D57600E57A3D /* XCRemoteSwiftPackageReference "firebase-ios-sdk" */;
			productName = FirebaseInstallations;
		};
		FC383E152F93D57600E57A3D /* FirebaseMLModelDownloader */ = {
			isa = XCSwiftPackageProductDependency;
			package = FC383DF02F93D57600E57A3D /* XCRemoteSwiftPackageReference "firebase-ios-sdk" */;
			productName = FirebaseMLModelDownloader;
		};
		FC383E172F93D57600E57A3D /* FirebaseMessaging */ = {
			isa = XCSwiftPackageProductDependency;
			package = FC383DF02F93D57600E57A3D /* XCRemoteSwiftPackageReference "firebase-ios-sdk" */;
			productName = FirebaseMessaging;
		};
		FC383E192F93D57600E57A3D /* FirebasePerformance */ = {
			isa = XCSwiftPackageProductDependency;
			package = FC383DF02F93D57600E57A3D /* XCRemoteSwiftPackageReference "firebase-ios-sdk" */;
			productName = FirebasePerformance;
		};
		FC383E1B2F93D57600E57A3D /* FirebaseRemoteConfig */ = {
			isa = XCSwiftPackageProductDependency;
			package = FC383DF02F93D57600E57A3D /* XCRemoteSwiftPackageReference "firebase-ios-sdk" */;
			productName = FirebaseRemoteConfig;
		};
		FC383E1D2F93D57600E57A3D /* FirebaseStorage */ = {
			isa = XCSwiftPackageProductDependency;
			package = FC383DF02F93D57600E57A3D /* XCRemoteSwiftPackageReference "firebase-ios-sdk" */;
			productName = FirebaseStorage;
		};
		FC383E1F2F93D57600E57A3D /* FirebaseStorageCombine-Community */ = {
			isa = XCSwiftPackageProductDependency;
			package = FC383DF02F93D57600E57A3D /* XCRemoteSwiftPackageReference "firebase-ios-sdk" */;
			productName = "FirebaseStorageCombine-Community";
		};
/* End XCSwiftPackageProductDependency section */
	};
	rootObject = FC383D6D2F93B93900E57A3D /* Project object */;
}
